// !$*UTF8*$!
{
	archiveVersion = 1;
	classes = {
	};
	objectVersion = 56;
	objects = {

/* Begin PBXBuildFile section */
		A20611242A2DAEA000A4A73F /* PinchApp.swift in Sources */ = {isa = PBXBuildFile; fileRef = A20611232A2DAEA000A4A73F /* PinchApp.swift */; };
		A20611262A2DAEA000A4A73F /* ContentView.swift in Sources */ = {isa = PBXBuildFile; fileRef = A20611252A2DAEA000A4A73F /* ContentView.swift */; };
		A20611282A2DAEA200A4A73F /* Assets.xcassets in Resources */ = {isa = PBXBuildFile; fileRef = A20611272A2DAEA200A4A73F /* Assets.xcassets */; };
		A206112B2A2DAEA200A4A73F /* Preview Assets.xcassets in Resources */ = {isa = PBXBuildFile; fileRef = A206112A2A2DAEA200A4A73F /* Preview Assets.xcassets */; };
		A2A6BABC2A2E7A0D0016802D /* infoPanelView.swift in Sources */ = {isa = PBXBuildFile; fileRef = A2A6BABB2A2E7A0D0016802D /* infoPanelView.swift */; };
		A2A6BABE2A2EB4BB0016802D /* ConstrolImageView.swift in Sources */ = {isa = PBXBuildFile; fileRef = A2A6BABD2A2EB4BB0016802D /* ConstrolImageView.swift */; };
		A2A6BAC12A2EBCBC0016802D /* PageModel.swift in Sources */ = {isa = PBXBuildFile; fileRef = A2A6BAC02A2EBCBC0016802D /* PageModel.swift */; };
		A2A6BAC32A2EBD190016802D /* PageData.swift in Sources */ = {isa = PBXBuildFile; fileRef = A2A6BAC22A2EBD190016802D /* PageData.swift */; };
/* End PBXBuildFile section */

/* Begin PBXFileReference section */
		A20611202A2DAEA000A4A73F /* Pinch.app */ = {isa = PBXFileReference; explicitFileType = wrapper.application; includeInIndex = 0; path = Pinch.app; sourceTree = BUILT_PRODUCTS_DIR; };
		A20611232A2DAEA000A4A73F /* PinchApp.swift */ = {isa = PBXFileReference; lastKnownFileType = sourcecode.swift; path = PinchApp.swift; sourceTree = "<group>"; };
		A20611252A2DAEA000A4A73F /* ContentView.swift */ = {isa = PBXFileReference; lastKnownFileType = sourcecode.swift; path = ContentView.swift; sourceTree = "<group>"; };
		A20611272A2DAEA200A4A73F /* Assets.xcassets */ = {isa = PBXFileReference; lastKnownFileType = folder.assetcatalog; path = Assets.xcassets; sourceTree = "<group>"; };
		A206112A2A2DAEA200A4A73F /* Preview Assets.xcassets */ = {isa = PBXFileReference; lastKnownFileType = folder.assetcatalog; path = "Preview Assets.xcassets"; sourceTree = "<group>"; };
		A2A6BABB2A2E7A0D0016802D /* infoPanelView.swift */ = {isa = PBXFileReference; lastKnownFileType = sourcecode.swift; path = infoPanelView.swift; sourceTree = "<group>"; };
		A2A6BABD2A2EB4BB0016802D /* ConstrolImageView.swift */ = {isa = PBXFileReference; lastKnownFileType = sourcecode.swift; path = ConstrolImageView.swift; sourceTree = "<group>"; };
		A2A6BAC02A2EBCBC0016802D /* PageModel.swift */ = {isa = PBXFileReference; lastKnownFileType = sourcecode.swift; path = PageModel.swift; sourceTree = "<group>"; };
		A2A6BAC22A2EBD190016802D /* PageData.swift */ = {isa = PBXFileReference; lastKnownFileType = sourcecode.swift; path = PageData.swift; sourceTree = "<group>"; };
/* End PBXFileReference section */

/* Begin PBXFrameworksBuildPhase section */
		A206111D2A2DAEA000A4A73F /* Frameworks */ = {
			isa = PBXFrameworksBuildPhase;
			buildActionMask = 2147483647;
			files = (
			);
			runOnlyForDeploymentPostprocessing = 0;
		};
/* End PBXFrameworksBuildPhase section */

/* Begin PBXGroup section */
		A20611172A2DAEA000A4A73F = {
			isa = PBXGroup;
			children = (
				A20611222A2DAEA000A4A73F /* Pinch */,
				A20611212A2DAEA000A4A73F /* Products */,
			);
			sourceTree = "<group>";
		};
		A20611212A2DAEA000A4A73F /* Products */ = {
			isa = PBXGroup;
			children = (
				A20611202A2DAEA000A4A73F /* Pinch.app */,
			);
			name = Products;
			sourceTree = "<group>";
		};
		A20611222A2DAEA000A4A73F /* Pinch */ = {
			isa = PBXGroup;
			children = (
				A2A6BABF2A2EBCAF0016802D /* Model */,
				A20611332A2DB05100A4A73F /* Data */,
				A20611322A2DB04800A4A73F /* View */,
				A20611312A2DB02D00A4A73F /* Screens  */,
				A20611232A2DAEA000A4A73F /* PinchApp.swift */,
				A20611272A2DAEA200A4A73F /* Assets.xcassets */,
				A20611292A2DAEA200A4A73F /* Preview Content */,
			);
			path = Pinch;
			sourceTree = "<group>";
		};
		A20611292A2DAEA200A4A73F /* Preview Content */ = {
			isa = PBXGroup;
			children = (
				A206112A2A2DAEA200A4A73F /* Preview Assets.xcassets */,
			);
			path = "Preview Content";
			sourceTree = "<group>";
		};
		A20611312A2DB02D00A4A73F /* Screens  */ = {
			isa = PBXGroup;
			children = (
				A20611252A2DAEA000A4A73F /* ContentView.swift */,
			);
			path = "Screens ";
			sourceTree = "<group>";
		};
		A20611322A2DB04800A4A73F /* View */ = {
			isa = PBXGroup;
			children = (
				A2A6BABB2A2E7A0D0016802D /* infoPanelView.swift */,
				A2A6BABD2A2EB4BB0016802D /* ConstrolImageView.swift */,
			);
			path = View;
			sourceTree = "<group>";
		};
		A20611332A2DB05100A4A73F /* Data */ = {
			isa = PBXGroup;
			children = (
				A2A6BAC22A2EBD190016802D /* PageData.swift */,
			);
			path = Data;
			sourceTree = "<group>";
		};
		A2A6BABF2A2EBCAF0016802D /* Model */ = {
			isa = PBXGroup;
			children = (
				A2A6BAC02A2EBCBC0016802D /* PageModel.swift */,
			);
			path = Model;
			sourceTree = "<group>";
		};
/* End PBXGroup section */

/* Begin PBXNativeTarget section */
		A206111F2A2DAEA000A4A73F /* Pinch */ = {
			isa = PBXNativeTarget;
			buildConfigurationList = A206112E2A2DAEA200A4A73F /* Build configuration list for PBXNativeTarget "Pinch" */;
			buildPhases = (
				A206111C2A2DAEA000A4A73F /* Sources */,
				A206111D2A2DAEA000A4A73F /* Frameworks */,
				A206111E2A2DAEA000A4A73F /* Resources */,
			);
			buildRules = (
			);
			dependencies = (
			);
			name = Pinch;
			productName = Pinch;
			productReference = A20611202A2DAEA000A4A73F /* Pinch.app */;
			productType = "com.apple.product-type.application";
		};
/* End PBXNativeTarget section */

/* Begin PBXProject section */
		A20611182A2DAEA000A4A73F /* Project object */ = {
			isa = PBXProject;
			attributes = {
				BuildIndependentTargetsInParallel = 1;
				LastSwiftUpdateCheck = 1420;
				LastUpgradeCheck = 1420;
				TargetAttributes = {
					A206111F2A2DAEA000A4A73F = {
						CreatedOnToolsVersion = 14.2;
					};
				};
			};
			buildConfigurationList = A206111B2A2DAEA000A4A73F /* Build configuration list for PBXProject "Pinch" */;
			compatibilityVersion = "Xcode 14.0";
			developmentRegion = en;
			hasScannedForEncodings = 0;
			knownRegions = (
				en,
				Base,
			);
			mainGroup = A20611172A2DAEA000A4A73F;
			productRefGroup = A20611212A2DAEA000A4A73F /* Products */;
			projectDirPath = "";
			projectRoot = "";
			targets = (
				A206111F2A2DAEA000A4A73F /* Pinch */,
			);
		};
/* End PBXProject section */

/* Begin PBXResourcesBuildPhase section */
		A206111E2A2DAEA000A4A73F /* Resources */ = {
			isa = PBXResourcesBuildPhase;
			buildActionMask = 2147483647;
			files = (
				A206112B2A2DAEA200A4A73F /* Preview Assets.xcassets in Resources */,
				A20611282A2DAEA200A4A73F /* Assets.xcassets in Resources */,
			);
			runOnlyForDeploymentPostprocessing = 0;
		};
/* End PBXResourcesBuildPhase section */

/* Begin PBXSourcesBuildPhase section */
		A206111C2A2DAEA000A4A73F /* Sources */ = {
			isa = PBXSourcesBuildPhase;
			buildActionMask = 2147483647;
			files = (
				A2A6BABE2A2EB4BB0016802D /* ConstrolImageView.swift in Sources */,
				A2A6BAC12A2EBCBC0016802D /* PageModel.swift in Sources */,
				A20611262A2DAEA000A4A73F /* ContentView.swift in Sources */,
				A2A6BABC2A2E7A0D0016802D /* infoPanelView.swift in Sources */,
				A2A6BAC32A2EBD190016802D /* PageData.swift in Sources */,
				A20611242A2DAEA000A4A73F /* PinchApp.swift in Sources */,
			);
			runOnlyForDeploymentPostprocessing = 0;
		};
/* End PBXSourcesBuildPhase section */

/* Begin XCBuildConfiguration section */
		A206112C2A2DAEA200A4A73F /* Debug */ = {
			isa = XCBuildConfiguration;
			buildSettings = {
				ALWAYS_SEARCH_USER_PATHS = NO;
				CLANG_ANALYZER_NONNULL = YES;
				CLANG_ANALYZER_NUMBER_OBJECT_CONVERSION = YES_AGGRESSIVE;
				CLANG_CXX_LANGUAGE_STANDARD = "gnu++20";
				CLANG_ENABLE_MODULES = YES;
				CLANG_ENABLE_OBJC_ARC = YES;
				CLANG_ENABLE_OBJC_WEAK = YES;
				CLANG_WARN_BLOCK_CAPTURE_AUTORELEASING = YES;
				CLANG_WARN_BOOL_CONVERSION = YES;
				CLANG_WARN_COMMA = YES;
				CLANG_WARN_CONSTANT_CONVERSION = YES;
				CLANG_WARN_DEPRECATED_OBJC_IMPLEMENTATIONS = YES;
				CLANG_WARN_DIRECT_OBJC_ISA_USAGE = YES_ERROR;
				CLANG_WARN_DOCUMENTATION_COMMENTS = YES;
				CLANG_WARN_EMPTY_BODY = YES;
				CLANG_WARN_ENUM_CONVERSION = YES;
				CLANG_WARN_INFINITE_RECURSION = YES;
				CLANG_WARN_INT_CONVERSION = YES;
				CLANG_WARN_NON_LITERAL_NULL_CONVERSION = YES;
				CLANG_WARN_OBJC_IMPLICIT_RETAIN_SELF = YES;
				CLANG_WARN_OBJC_LITERAL_CONVERSION = YES;
				CLANG_WARN_OBJC_ROOT_CLASS = YES_ERROR;
				CLANG_WARN_QUOTED_INCLUDE_IN_FRAMEWORK_HEADER = YES;
				CLANG_WARN_RANGE_LOOP_ANALYSIS = YES;
				CLANG_WARN_STRICT_PROTOTYPES = YES;
				CLANG_WARN_SUSPICIOUS_MOVE = YES;
				CLANG_WARN_UNGUARDED_AVAILABILITY = YES_AGGRESSIVE;
				CLANG_WARN_UNREACHABLE_CODE = YES;
				CLANG_WARN__DUPLICATE_METHOD_MATCH = YES;
				COPY_PHASE_STRIP = NO;
				DEBUG_INFORMATION_FORMAT = dwarf;
				ENABLE_STRICT_OBJC_MSGSEND = YES;
				ENABLE_TESTABILITY = YES;
				GCC_C_LANGUAGE_STANDARD = gnu11;
				GCC_DYNAMIC_NO_PIC = NO;
				GCC_NO_COMMON_BLOCKS = YES;
				GCC_OPTIMIZATION_LEVEL = 0;
				GCC_PREPROCESSOR_DEFINITIONS = (
					"DEBUG=1",
					"$(inherited)",
				);
				GCC_WARN_64_TO_32_BIT_CONVERSION = YES;
				GCC_WARN_ABOUT_RETURN_TYPE = YES_ERROR;
				GCC_WARN_UNDECLARED_SELECTOR = YES;
				GCC_WARN_UNINITIALIZED_AUTOS = YES_AGGRESSIVE;
				GCC_WARN_UNUSED_FUNCTION = YES;
				GCC_WARN_UNUSED_VARIABLE = YES;
				IPHONEOS_DEPLOYMENT_TARGET = 16.2;
				MTL_ENABLE_DEBUG_INFO = INCLUDE_SOURCE;
				MTL_FAST_MATH = YES;
				ONLY_ACTIVE_ARCH = YES;
				SDKROOT = iphoneos;
				SWIFT_ACTIVE_COMPILATION_CONDITIONS = DEBUG;
				SWIFT_OPTIMIZATION_LEVEL = "-Onone";
			};
			name = Debug;
		};
		A206112D2A2DAEA200A4A73F /* Release */ = {
			isa = XCBuildConfiguration;
			buildSettings = {
				ALWAYS_SEARCH_USER_PATHS = NO;
				CLANG_ANALYZER_NONNULL = YES;
				CLANG_ANALYZER_NUMBER_OBJECT_CONVERSION = YES_AGGRESSIVE;
				CLANG_CXX_LANGUAGE_STANDARD = "gnu++20";
				CLANG_ENABLE_MODULES = YES;
				CLANG_ENABLE_OBJC_ARC = YES;
				CLANG_ENABLE_OBJC_WEAK = YES;
				CLANG_WARN_BLOCK_CAPTURE_AUTORELEASING = YES;
				CLANG_WARN_BOOL_CONVERSION = YES;
				CLANG_WARN_COMMA = YES;
				CLANG_WARN_CONSTANT_CONVERSION = YES;
				CLANG_WARN_DEPRECATED_OBJC_IMPLEMENTATIONS = YES;
				CLANG_WARN_DIRECT_OBJC_ISA_USAGE = YES_ERROR;
				CLANG_WARN_DOCUMENTATION_COMMENTS = YES;
				CLANG_WARN_EMPTY_BODY = YES;
				CLANG_WARN_ENUM_CONVERSION = YES;
				CLANG_WARN_INFINITE_RECURSION = YES;
				CLANG_WARN_INT_CONVERSION = YES;
				CLANG_WARN_NON_LITERAL_NULL_CONVERSION = YES;
				CLANG_WARN_OBJC_IMPLICIT_RETAIN_SELF = YES;
				CLANG_WARN_OBJC_LITERAL_CONVERSION = YES;
				CLANG_WARN_OBJC_ROOT_CLASS = YES_ERROR;
				CLANG_WARN_QUOTED_INCLUDE_IN_FRAMEWORK_HEADER = YES;
				CLANG_WARN_RANGE_LOOP_ANALYSIS = YES;
				CLANG_WARN_STRICT_PROTOTYPES = YES;
				CLANG_WARN_SUSPICIOUS_MOVE = YES;
				CLANG_WARN_UNGUARDED_AVAILABILITY = YES_AGGRESSIVE;
				CLANG_WARN_UNREACHABLE_CODE = YES;
				CLANG_WARN__DUPLICATE_METHOD_MATCH = YES;
				COPY_PHASE_STRIP = NO;
				DEBUG_INFORMATION_FORMAT = "dwarf-with-dsym";
				ENABLE_NS_ASSERTIONS = NO;
				ENABLE_STRICT_OBJC_MSGSEND = YES;
				GCC_C_LANGUAGE_STANDARD = gnu11;
				GCC_NO_COMMON_BLOCKS = YES;
				GCC_WARN_64_TO_32_BIT_CONVERSION = YES;
				GCC_WARN_ABOUT_RETURN_TYPE = YES_ERROR;
				GCC_WARN_UNDECLARED_SELECTOR = YES;
				GCC_WARN_UNINITIALIZED_AUTOS = YES_AGGRESSIVE;
				GCC_WARN_UNUSED_FUNCTION = YES;
				GCC_WARN_UNUSED_VARIABLE = YES;
				IPHONEOS_DEPLOYMENT_TARGET = 16.2;
				MTL_ENABLE_DEBUG_INFO = NO;
				MTL_FAST_MATH = YES;
				SDKROOT = iphoneos;
				SWIFT_COMPILATION_MODE = wholemodule;
				SWIFT_OPTIMIZATION_LEVEL = "-O";
				VALIDATE_PRODUCT = YES;
			};
			name = Release;
		};
		A206112F2A2DAEA200A4A73F /* Debug */ = {
			isa = XCBuildConfiguration;
			buildSettings = {
				ASSETCATALOG_COMPILER_APPICON_NAME = AppIcon;
				ASSETCATALOG_COMPILER_GLOBAL_ACCENT_COLOR_NAME = AccentColor;
				CODE_SIGN_STYLE = Automatic;
				CURRENT_PROJECT_VERSION = 1;
				DEVELOPMENT_ASSET_PATHS = "\"Pinch/Preview Content\"";
				DEVELOPMENT_TEAM = 8PVCTGCP4J;
				ENABLE_PREVIEWS = YES;
				GENERATE_INFOPLIST_FILE = YES;
				INFOPLIST_KEY_UIApplicationSceneManifest_Generation = YES;
				INFOPLIST_KEY_UIApplicationSupportsIndirectInputEvents = YES;
				INFOPLIST_KEY_UILaunchScreen_Generation = YES;
				INFOPLIST_KEY_UISupportedInterfaceOrientations = UIInterfaceOrientationPortrait;
				INFOPLIST_KEY_UISupportedInterfaceOrientations_iPad = "UIInterfaceOrientationLandscapeLeft UIInterfaceOrientationLandscapeRight UIInterfaceOrientationPortrait UIInterfaceOrientationPortraitUpsideDown";
				LD_RUNPATH_SEARCH_PATHS = (
					"$(inherited)",
					"@executable_path/Frameworks",
				);
				MARKETING_VERSION = 1.0;
				PRODUCT_BUNDLE_IDENTIFIER = CesarV.Pinch;
				PRODUCT_NAME = "$(TARGET_NAME)";
				SWIFT_EMIT_LOC_STRINGS = YES;
				SWIFT_VERSION = 5.0;
				TARGETED_DEVICE_FAMILY = "1,2";
			};
			name = Debug;
		};
		A20611302A2DAEA200A4A73F /* Release */ = {
			isa = XCBuildConfiguration;
			buildSettings = {
				ASSETCATALOG_COMPILER_APPICON_NAME = AppIcon;
				ASSETCATALOG_COMPILER_GLOBAL_ACCENT_COLOR_NAME = AccentColor;
				CODE_SIGN_STYLE = Automatic;
				CURRENT_PROJECT_VERSION = 1;
				DEVELOPMENT_ASSET_PATHS = "\"Pinch/Preview Content\"";
				DEVELOPMENT_TEAM = 8PVCTGCP4J;
				ENABLE_PREVIEWS = YES;
				GENERATE_INFOPLIST_FILE = YES;
				INFOPLIST_KEY_UIApplicationSceneManifest_Generation = YES;
				INFOPLIST_KEY_UIApplicationSupportsIndirectInputEvents = YES;
				INFOPLIST_KEY_UILaunchScreen_Generation = YES;
				INFOPLIST_KEY_UISupportedInterfaceOrientations = UIInterfaceOrientationPortrait;
				INFOPLIST_KEY_UISupportedInterfaceOrientations_iPad = "UIInterfaceOrientationLandscapeLeft UIInterfaceOrientationLandscapeRight UIInterfaceOrientationPortrait UIInterfaceOrientationPortraitUpsideDown";
				LD_RUNPATH_SEARCH_PATHS = (
					"$(inherited)",
					"@executable_path/Frameworks",
				);
				MARKETING_VERSION = 1.0;
				PRODUCT_BUNDLE_IDENTIFIER = CesarV.Pinch;
				PRODUCT_NAME = "$(TARGET_NAME)";
				SWIFT_EMIT_LOC_STRINGS = YES;
				SWIFT_VERSION = 5.0;
				TARGETED_DEVICE_FAMILY = "1,2";
			};
			name = Release;
		};
/* End XCBuildConfiguration section */

/* Begin XCConfigurationList section */
		A206111B2A2DAEA000A4A73F /* Build configuration list for PBXProject "Pinch" */ = {
			isa = XCConfigurationList;
			buildConfigurations = (
				A206112C2A2DAEA200A4A73F /* Debug */,
				A206112D2A2DAEA200A4A73F /* Release */,
			);
			defaultConfigurationIsVisible = 0;
			defaultConfigurationName = Release;
		};
		A206112E2A2DAEA200A4A73F /* Build configuration list for PBXNativeTarget "Pinch" */ = {
			isa = XCConfigurationList;
			buildConfigurations = (
				A206112F2A2DAEA200A4A73F /* Debug */,
				A20611302A2DAEA200A4A73F /* Release */,
			);
			defaultConfigurationIsVisible = 0;
			defaultConfigurationName = Release;
		};
/* End XCConfigurationList section */
	};
	rootObject = A20611182A2DAEA000A4A73F /* Project object */;
}
