// !$*UTF8*$!
{
	archiveVersion = 1;
	classes = {
	};
	objectVersion = 56;
	objects = {

/* Begin PBXBuildFile section */
		A20B98542A37E94600612B82 /* AfricaAppApp.swift in Sources */ = {isa = PBXBuildFile; fileRef = A20B98532A37E94600612B82 /* AfricaAppApp.swift */; };
		A20B98562A37E94600612B82 /* ContentView.swift in Sources */ = {isa = PBXBuildFile; fileRef = A20B98552A37E94600612B82 /* ContentView.swift */; };
		A20B98582A37E94800612B82 /* Assets.xcassets in Resources */ = {isa = PBXBuildFile; fileRef = A20B98572A37E94800612B82 /* Assets.xcassets */; };
		A20B985B2A37E94800612B82 /* Preview Assets.xcassets in Resources */ = {isa = PBXBuildFile; fileRef = A20B985A2A37E94800612B82 /* Preview Assets.xcassets */; };
		A20B986C2A37EAB000612B82 /* cheetah.mp4 in Resources */ = {isa = PBXBuildFile; fileRef = A20B98622A37EAAE00612B82 /* cheetah.mp4 */; };
		A20B986D2A37EAB000612B82 /* elephant.mp4 in Resources */ = {isa = PBXBuildFile; fileRef = A20B98632A37EAAF00612B82 /* elephant.mp4 */; };
		A20B986E2A37EAB000612B82 /* zebra.mp4 in Resources */ = {isa = PBXBuildFile; fileRef = A20B98642A37EAAF00612B82 /* zebra.mp4 */; };
		A20B986F2A37EAB000612B82 /* lion.mp4 in Resources */ = {isa = PBXBuildFile; fileRef = A20B98652A37EAAF00612B82 /* lion.mp4 */; };
		A20B98702A37EAB000612B82 /* rhino.mp4 in Resources */ = {isa = PBXBuildFile; fileRef = A20B98662A37EAAF00612B82 /* rhino.mp4 */; };
		A20B98712A37EAB000612B82 /* giraffe.mp4 in Resources */ = {isa = PBXBuildFile; fileRef = A20B98672A37EAAF00612B82 /* giraffe.mp4 */; };
		A20B98722A37EAB000612B82 /* ostrich.mp4 in Resources */ = {isa = PBXBuildFile; fileRef = A20B98682A37EAB000612B82 /* ostrich.mp4 */; };
		A20B98732A37EAB000612B82 /* gorilla.mp4 in Resources */ = {isa = PBXBuildFile; fileRef = A20B98692A37EAB000612B82 /* gorilla.mp4 */; };
		A20B98742A37EAB000612B82 /* lioness.mp4 in Resources */ = {isa = PBXBuildFile; fileRef = A20B986A2A37EAB000612B82 /* lioness.mp4 */; };
		A20B98752A37EAB000612B82 /* hippo.mp4 in Resources */ = {isa = PBXBuildFile; fileRef = A20B986B2A37EAB000612B82 /* hippo.mp4 */; };
		A20B987B2A37EC5300612B82 /* VideoListView.swift in Sources */ = {isa = PBXBuildFile; fileRef = A20B987A2A37EC5300612B82 /* VideoListView.swift */; };
		A20B987D2A37EC6A00612B82 /* MapView.swift in Sources */ = {isa = PBXBuildFile; fileRef = A20B987C2A37EC6A00612B82 /* MapView.swift */; };
		A20B987F2A37EC7E00612B82 /* GalleryView.swift in Sources */ = {isa = PBXBuildFile; fileRef = A20B987E2A37EC7E00612B82 /* GalleryView.swift */; };
		A20B98812A37EC8D00612B82 /* MainView.swift in Sources */ = {isa = PBXBuildFile; fileRef = A20B98802A37EC8D00612B82 /* MainView.swift */; };
		A20B98842A37EE0B00612B82 /* CoverImageView.swift in Sources */ = {isa = PBXBuildFile; fileRef = A20B98832A37EE0B00612B82 /* CoverImageView.swift */; };
		A20B98872A37EEA600612B82 /* CoverImageModel.swift in Sources */ = {isa = PBXBuildFile; fileRef = A20B98862A37EEA600612B82 /* CoverImageModel.swift */; };
		A20B988A2A37EEFD00612B82 /* CodableBundleExtension.swift in Sources */ = {isa = PBXBuildFile; fileRef = A20B98892A37EEFD00612B82 /* CodableBundleExtension.swift */; };
		A20B98902A37F0D300612B82 /* videos.json in Resources */ = {isa = PBXBuildFile; fileRef = A20B988C2A37F0D300612B82 /* videos.json */; };
		A20B98912A37F0D300612B82 /* locations.json in Resources */ = {isa = PBXBuildFile; fileRef = A20B988D2A37F0D300612B82 /* locations.json */; };
		A20B98922A37F0D300612B82 /* covers.json in Resources */ = {isa = PBXBuildFile; fileRef = A20B988E2A37F0D300612B82 /* covers.json */; };
		A20B98932A37F0D300612B82 /* animals.json in Resources */ = {isa = PBXBuildFile; fileRef = A20B988F2A37F0D300612B82 /* animals.json */; };
		A20B98952A37F16800612B82 /* AnimalListItemView.swift in Sources */ = {isa = PBXBuildFile; fileRef = A20B98942A37F16800612B82 /* AnimalListItemView.swift */; };
		A20B98972A37F1A400612B82 /* AnimalModel.swift in Sources */ = {isa = PBXBuildFile; fileRef = A20B98962A37F1A400612B82 /* AnimalModel.swift */; };
		A20B98992A37F3E500612B82 /* AnimalDetailView.swift in Sources */ = {isa = PBXBuildFile; fileRef = A20B98982A37F3E500612B82 /* AnimalDetailView.swift */; };
		A20B989B2A37F43900612B82 /* HeadingView.swift in Sources */ = {isa = PBXBuildFile; fileRef = A20B989A2A37F43900612B82 /* HeadingView.swift */; };
		A20B989D2A37F48600612B82 /* InsetGalleryView.swift in Sources */ = {isa = PBXBuildFile; fileRef = A20B989C2A37F48600612B82 /* InsetGalleryView.swift */; };
		A20B989F2A37F4AC00612B82 /* InsetFactView.swift in Sources */ = {isa = PBXBuildFile; fileRef = A20B989E2A37F4AC00612B82 /* InsetFactView.swift */; };
		A20B98A12A37F4D300612B82 /* InsetMapView.swift in Sources */ = {isa = PBXBuildFile; fileRef = A20B98A02A37F4D300612B82 /* InsetMapView.swift */; };
		A20B98A32A37F4FE00612B82 /* ExternalWeblinkView.swift in Sources */ = {isa = PBXBuildFile; fileRef = A20B98A22A37F4FE00612B82 /* ExternalWeblinkView.swift */; };
		A2380C392A3CCCDB008C5117 /* VideoModel.swift in Sources */ = {isa = PBXBuildFile; fileRef = A2380C382A3CCCDB008C5117 /* VideoModel.swift */; };
		A2380C3B2A3CCD0F008C5117 /* VideoListItem.swift in Sources */ = {isa = PBXBuildFile; fileRef = A2380C3A2A3CCD0F008C5117 /* VideoListItem.swift */; };
		A2380C3D2A3CCEF8008C5117 /* VideoPlayerView.swift in Sources */ = {isa = PBXBuildFile; fileRef = A2380C3C2A3CCEF8008C5117 /* VideoPlayerView.swift */; };
		A2380C402A3CCFA2008C5117 /* VideoPlayerHelper.swift in Sources */ = {isa = PBXBuildFile; fileRef = A2380C3F2A3CCFA2008C5117 /* VideoPlayerHelper.swift */; };
		A2380C422A3CD19A008C5117 /* LocationModel.swift in Sources */ = {isa = PBXBuildFile; fileRef = A2380C412A3CD19A008C5117 /* LocationModel.swift */; };
		A2380C442A3CD2D9008C5117 /* MapAnnotationView.swift in Sources */ = {isa = PBXBuildFile; fileRef = A2380C432A3CD2D9008C5117 /* MapAnnotationView.swift */; };
		A2380C462A3CD438008C5117 /* MotionAnimationView.swift in Sources */ = {isa = PBXBuildFile; fileRef = A2380C452A3CD438008C5117 /* MotionAnimationView.swift */; };
		A2380C4C2A3CD934008C5117 /* Stickers.xcassets in Resources */ = {isa = PBXBuildFile; fileRef = A2380C4B2A3CD934008C5117 /* Stickers.xcassets */; };
		A2380C502A3CD934008C5117 /* Stickets.appex in Embed Foundation Extensions */ = {isa = PBXBuildFile; fileRef = A2380C492A3CD932008C5117 /* Stickets.appex */; settings = {ATTRIBUTES = (RemoveHeadersOnCopy, ); }; };
/* End PBXBuildFile section */

/* Begin PBXContainerItemProxy section */
		A2380C4E2A3CD934008C5117 /* PBXContainerItemProxy */ = {
			isa = PBXContainerItemProxy;
			containerPortal = A20B98482A37E94600612B82 /* Project object */;
			proxyType = 1;
			remoteGlobalIDString = A2380C482A3CD932008C5117;
			remoteInfo = Stickets;
		};
/* End PBXContainerItemProxy section */

/* Begin PBXCopyFilesBuildPhase section */
		A2380C542A3CD934008C5117 /* Embed Foundation Extensions */ = {
			isa = PBXCopyFilesBuildPhase;
			buildActionMask = 2147483647;
			dstPath = "";
			dstSubfolderSpec = 13;
			files = (
				A2380C502A3CD934008C5117 /* Stickets.appex in Embed Foundation Extensions */,
			);
			name = "Embed Foundation Extensions";
			runOnlyForDeploymentPostprocessing = 0;
		};
/* End PBXCopyFilesBuildPhase section */

/* Begin PBXFileReference section */
		A20B98502A37E94600612B82 /* AfricaApp.app */ = {isa = PBXFileReference; explicitFileType = wrapper.application; includeInIndex = 0; path = AfricaApp.app; sourceTree = BUILT_PRODUCTS_DIR; };
		A20B98532A37E94600612B82 /* AfricaAppApp.swift */ = {isa = PBXFileReference; lastKnownFileType = sourcecode.swift; path = AfricaAppApp.swift; sourceTree = "<group>"; };
		A20B98552A37E94600612B82 /* ContentView.swift */ = {isa = PBXFileReference; lastKnownFileType = sourcecode.swift; path = ContentView.swift; sourceTree = "<group>"; };
		A20B98572A37E94800612B82 /* Assets.xcassets */ = {isa = PBXFileReference; lastKnownFileType = folder.assetcatalog; path = Assets.xcassets; sourceTree = "<group>"; };
		A20B985A2A37E94800612B82 /* Preview Assets.xcassets */ = {isa = PBXFileReference; lastKnownFileType = folder.assetcatalog; path = "Preview Assets.xcassets"; sourceTree = "<group>"; };
		A20B98622A37EAAE00612B82 /* cheetah.mp4 */ = {isa = PBXFileReference; lastKnownFileType = file; path = cheetah.mp4; sourceTree = "<group>"; };
		A20B98632A37EAAF00612B82 /* elephant.mp4 */ = {isa = PBXFileReference; lastKnownFileType = file; path = elephant.mp4; sourceTree = "<group>"; };
		A20B98642A37EAAF00612B82 /* zebra.mp4 */ = {isa = PBXFileReference; lastKnownFileType = file; path = zebra.mp4; sourceTree = "<group>"; };
		A20B98652A37EAAF00612B82 /* lion.mp4 */ = {isa = PBXFileReference; lastKnownFileType = file; path = lion.mp4; sourceTree = "<group>"; };
		A20B98662A37EAAF00612B82 /* rhino.mp4 */ = {isa = PBXFileReference; lastKnownFileType = file; path = rhino.mp4; sourceTree = "<group>"; };
		A20B98672A37EAAF00612B82 /* giraffe.mp4 */ = {isa = PBXFileReference; lastKnownFileType = file; path = giraffe.mp4; sourceTree = "<group>"; };
		A20B98682A37EAB000612B82 /* ostrich.mp4 */ = {isa = PBXFileReference; lastKnownFileType = file; path = ostrich.mp4; sourceTree = "<group>"; };
		A20B98692A37EAB000612B82 /* gorilla.mp4 */ = {isa = PBXFileReference; lastKnownFileType = file; path = gorilla.mp4; sourceTree = "<group>"; };
		A20B986A2A37EAB000612B82 /* lioness.mp4 */ = {isa = PBXFileReference; lastKnownFileType = file; path = lioness.mp4; sourceTree = "<group>"; };
		A20B986B2A37EAB000612B82 /* hippo.mp4 */ = {isa = PBXFileReference; lastKnownFileType = file; path = hippo.mp4; sourceTree = "<group>"; };
		A20B98782A37EB8B00612B82 /* Info.plist */ = {isa = PBXFileReference; lastKnownFileType = text.plist; path = Info.plist; sourceTree = "<group>"; };
		A20B987A2A37EC5300612B82 /* VideoListView.swift */ = {isa = PBXFileReference; lastKnownFileType = sourcecode.swift; path = VideoListView.swift; sourceTree = "<group>"; };
		A20B987C2A37EC6A00612B82 /* MapView.swift */ = {isa = PBXFileReference; lastKnownFileType = sourcecode.swift; path = MapView.swift; sourceTree = "<group>"; };
		A20B987E2A37EC7E00612B82 /* GalleryView.swift */ = {isa = PBXFileReference; lastKnownFileType = sourcecode.swift; path = GalleryView.swift; sourceTree = "<group>"; };
		A20B98802A37EC8D00612B82 /* MainView.swift */ = {isa = PBXFileReference; lastKnownFileType = sourcecode.swift; path = MainView.swift; sourceTree = "<group>"; };
		A20B98832A37EE0B00612B82 /* CoverImageView.swift */ = {isa = PBXFileReference; lastKnownFileType = sourcecode.swift; path = CoverImageView.swift; sourceTree = "<group>"; };
		A20B98862A37EEA600612B82 /* CoverImageModel.swift */ = {isa = PBXFileReference; lastKnownFileType = sourcecode.swift; path = CoverImageModel.swift; sourceTree = "<group>"; };
		A20B98892A37EEFD00612B82 /* CodableBundleExtension.swift */ = {isa = PBXFileReference; lastKnownFileType = sourcecode.swift; path = CodableBundleExtension.swift; sourceTree = "<group>"; };
		A20B988C2A37F0D300612B82 /* videos.json */ = {isa = PBXFileReference; fileEncoding = 4; lastKnownFileType = text.json; path = videos.json; sourceTree = "<group>"; };
		A20B988D2A37F0D300612B82 /* locations.json */ = {isa = PBXFileReference; fileEncoding = 4; lastKnownFileType = text.json; path = locations.json; sourceTree = "<group>"; };
		A20B988E2A37F0D300612B82 /* covers.json */ = {isa = PBXFileReference; fileEncoding = 4; lastKnownFileType = text.json; path = covers.json; sourceTree = "<group>"; };
		A20B988F2A37F0D300612B82 /* animals.json */ = {isa = PBXFileReference; fileEncoding = 4; lastKnownFileType = text.json; path = animals.json; sourceTree = "<group>"; };
		A20B98942A37F16800612B82 /* AnimalListItemView.swift */ = {isa = PBXFileReference; lastKnownFileType = sourcecode.swift; path = AnimalListItemView.swift; sourceTree = "<group>"; };
		A20B98962A37F1A400612B82 /* AnimalModel.swift */ = {isa = PBXFileReference; lastKnownFileType = sourcecode.swift; path = AnimalModel.swift; sourceTree = "<group>"; };
		A20B98982A37F3E500612B82 /* AnimalDetailView.swift */ = {isa = PBXFileReference; lastKnownFileType = sourcecode.swift; path = AnimalDetailView.swift; sourceTree = "<group>"; };
		A20B989A2A37F43900612B82 /* HeadingView.swift */ = {isa = PBXFileReference; lastKnownFileType = sourcecode.swift; path = HeadingView.swift; sourceTree = "<group>"; };
		A20B989C2A37F48600612B82 /* InsetGalleryView.swift */ = {isa = PBXFileReference; lastKnownFileType = sourcecode.swift; path = InsetGalleryView.swift; sourceTree = "<group>"; };
		A20B989E2A37F4AC00612B82 /* InsetFactView.swift */ = {isa = PBXFileReference; lastKnownFileType = sourcecode.swift; path = InsetFactView.swift; sourceTree = "<group>"; };
		A20B98A02A37F4D300612B82 /* InsetMapView.swift */ = {isa = PBXFileReference; lastKnownFileType = sourcecode.swift; path = InsetMapView.swift; sourceTree = "<group>"; };
		A20B98A22A37F4FE00612B82 /* ExternalWeblinkView.swift */ = {isa = PBXFileReference; lastKnownFileType = sourcecode.swift; path = ExternalWeblinkView.swift; sourceTree = "<group>"; };
		A2380C382A3CCCDB008C5117 /* VideoModel.swift */ = {isa = PBXFileReference; lastKnownFileType = sourcecode.swift; path = VideoModel.swift; sourceTree = "<group>"; };
		A2380C3A2A3CCD0F008C5117 /* VideoListItem.swift */ = {isa = PBXFileReference; lastKnownFileType = sourcecode.swift; path = VideoListItem.swift; sourceTree = "<group>"; };
		A2380C3C2A3CCEF8008C5117 /* VideoPlayerView.swift */ = {isa = PBXFileReference; lastKnownFileType = sourcecode.swift; path = VideoPlayerView.swift; sourceTree = "<group>"; };
		A2380C3F2A3CCFA2008C5117 /* VideoPlayerHelper.swift */ = {isa = PBXFileReference; lastKnownFileType = sourcecode.swift; path = VideoPlayerHelper.swift; sourceTree = "<group>"; };
		A2380C412A3CD19A008C5117 /* LocationModel.swift */ = {isa = PBXFileReference; lastKnownFileType = sourcecode.swift; path = LocationModel.swift; sourceTree = "<group>"; };
		A2380C432A3CD2D9008C5117 /* MapAnnotationView.swift */ = {isa = PBXFileReference; lastKnownFileType = sourcecode.swift; path = MapAnnotationView.swift; sourceTree = "<group>"; };
		A2380C452A3CD438008C5117 /* MotionAnimationView.swift */ = {isa = PBXFileReference; lastKnownFileType = sourcecode.swift; path = MotionAnimationView.swift; sourceTree = "<group>"; };
		A2380C492A3CD932008C5117 /* Stickets.appex */ = {isa = PBXFileReference; explicitFileType = "wrapper.app-extension"; includeInIndex = 0; path = Stickets.appex; sourceTree = BUILT_PRODUCTS_DIR; };
		A2380C4B2A3CD934008C5117 /* Stickers.xcassets */ = {isa = PBXFileReference; lastKnownFileType = folder.assetcatalog; path = Stickers.xcassets; sourceTree = "<group>"; };
		A2380C4D2A3CD934008C5117 /* Info.plist */ = {isa = PBXFileReference; lastKnownFileType = text.plist.xml; path = Info.plist; sourceTree = "<group>"; };
/* End PBXFileReference section */

/* Begin PBXFrameworksBuildPhase section */
		A20B984D2A37E94600612B82 /* Frameworks */ = {
			isa = PBXFrameworksBuildPhase;
			buildActionMask = 2147483647;
			files = (
			);
			runOnlyForDeploymentPostprocessing = 0;
		};
/* End PBXFrameworksBuildPhase section */

/* Begin PBXGroup section */
		A20B98472A37E94600612B82 = {
			isa = PBXGroup;
			children = (
				A20B98522A37E94600612B82 /* AfricaApp */,
				A2380C4A2A3CD932008C5117 /* Stickets */,
				A20B98512A37E94600612B82 /* Products */,
			);
			sourceTree = "<group>";
		};
		A20B98512A37E94600612B82 /* Products */ = {
			isa = PBXGroup;
			children = (
				A20B98502A37E94600612B82 /* AfricaApp.app */,
				A2380C492A3CD932008C5117 /* Stickets.appex */,
			);
			name = Products;
			sourceTree = "<group>";
		};
		A20B98522A37E94600612B82 /* AfricaApp */ = {
			isa = PBXGroup;
			children = (
				A2380C3E2A3CCF92008C5117 /* Helper */,
				A20B988B2A37F07200612B82 /* Data */,
				A20B98882A37EEF200612B82 /* Extensions */,
				A20B98852A37EE9500612B82 /* Model */,
				A20B98822A37EE0000612B82 /* View */,
				A20B98782A37EB8B00612B82 /* Info.plist */,
				A20B98612A37EA8800612B82 /* Video */,
				A20B98792A37EC2100612B82 /* App */,
				A20B98572A37E94800612B82 /* Assets.xcassets */,
				A20B98592A37E94800612B82 /* Preview Content */,
			);
			path = AfricaApp;
			sourceTree = "<group>";
		};
		A20B98592A37E94800612B82 /* Preview Content */ = {
			isa = PBXGroup;
			children = (
				A20B985A2A37E94800612B82 /* Preview Assets.xcassets */,
			);
			path = "Preview Content";
			sourceTree = "<group>";
		};
		A20B98612A37EA8800612B82 /* Video */ = {
			isa = PBXGroup;
			children = (
				A20B98622A37EAAE00612B82 /* cheetah.mp4 */,
				A20B98632A37EAAF00612B82 /* elephant.mp4 */,
				A20B98672A37EAAF00612B82 /* giraffe.mp4 */,
				A20B98692A37EAB000612B82 /* gorilla.mp4 */,
				A20B986B2A37EAB000612B82 /* hippo.mp4 */,
				A20B98652A37EAAF00612B82 /* lion.mp4 */,
				A20B986A2A37EAB000612B82 /* lioness.mp4 */,
				A20B98682A37EAB000612B82 /* ostrich.mp4 */,
				A20B98662A37EAAF00612B82 /* rhino.mp4 */,
				A20B98642A37EAAF00612B82 /* zebra.mp4 */,
			);
			path = Video;
			sourceTree = "<group>";
		};
		A20B98792A37EC2100612B82 /* App */ = {
			isa = PBXGroup;
			children = (
				A20B98532A37E94600612B82 /* AfricaAppApp.swift */,
				A20B98552A37E94600612B82 /* ContentView.swift */,
				A20B987A2A37EC5300612B82 /* VideoListView.swift */,
				A20B987C2A37EC6A00612B82 /* MapView.swift */,
				A20B987E2A37EC7E00612B82 /* GalleryView.swift */,
				A20B98802A37EC8D00612B82 /* MainView.swift */,
			);
			path = App;
			sourceTree = "<group>";
		};
		A20B98822A37EE0000612B82 /* View */ = {
			isa = PBXGroup;
			children = (
				A20B98832A37EE0B00612B82 /* CoverImageView.swift */,
				A20B98942A37F16800612B82 /* AnimalListItemView.swift */,
				A20B98982A37F3E500612B82 /* AnimalDetailView.swift */,
				A20B989A2A37F43900612B82 /* HeadingView.swift */,
				A20B989C2A37F48600612B82 /* InsetGalleryView.swift */,
				A20B989E2A37F4AC00612B82 /* InsetFactView.swift */,
				A20B98A02A37F4D300612B82 /* InsetMapView.swift */,
				A20B98A22A37F4FE00612B82 /* ExternalWeblinkView.swift */,
				A2380C3A2A3CCD0F008C5117 /* VideoListItem.swift */,
				A2380C3C2A3CCEF8008C5117 /* VideoPlayerView.swift */,
				A2380C432A3CD2D9008C5117 /* MapAnnotationView.swift */,
				A2380C452A3CD438008C5117 /* MotionAnimationView.swift */,
			);
			path = View;
			sourceTree = "<group>";
		};
		A20B98852A37EE9500612B82 /* Model */ = {
			isa = PBXGroup;
			children = (
				A20B98862A37EEA600612B82 /* CoverImageModel.swift */,
				A20B98962A37F1A400612B82 /* AnimalModel.swift */,
				A2380C382A3CCCDB008C5117 /* VideoModel.swift */,
				A2380C412A3CD19A008C5117 /* LocationModel.swift */,
			);
			path = Model;
			sourceTree = "<group>";
		};
		A20B98882A37EEF200612B82 /* Extensions */ = {
			isa = PBXGroup;
			children = (
				A20B98892A37EEFD00612B82 /* CodableBundleExtension.swift */,
			);
			path = Extensions;
			sourceTree = "<group>";
		};
		A20B988B2A37F07200612B82 /* Data */ = {
			isa = PBXGroup;
			children = (
				A20B988F2A37F0D300612B82 /* animals.json */,
				A20B988E2A37F0D300612B82 /* covers.json */,
				A20B988D2A37F0D300612B82 /* locations.json */,
				A20B988C2A37F0D300612B82 /* videos.json */,
			);
			path = Data;
			sourceTree = "<group>";
		};
		A2380C3E2A3CCF92008C5117 /* Helper */ = {
			isa = PBXGroup;
			children = (
				A2380C3F2A3CCFA2008C5117 /* VideoPlayerHelper.swift */,
			);
			path = Helper;
			sourceTree = "<group>";
		};
		A2380C4A2A3CD932008C5117 /* Stickets */ = {
			isa = PBXGroup;
			children = (
				A2380C4B2A3CD934008C5117 /* Stickers.xcassets */,
				A2380C4D2A3CD934008C5117 /* Info.plist */,
			);
			path = Stickets;
			sourceTree = "<group>";
		};
/* End PBXGroup section */

/* Begin PBXNativeTarget section */
		A20B984F2A37E94600612B82 /* AfricaApp */ = {
			isa = PBXNativeTarget;
			buildConfigurationList = A20B985E2A37E94800612B82 /* Build configuration list for PBXNativeTarget "AfricaApp" */;
			buildPhases = (
				A20B984C2A37E94600612B82 /* Sources */,
				A20B984D2A37E94600612B82 /* Frameworks */,
				A20B984E2A37E94600612B82 /* Resources */,
				A2380C542A3CD934008C5117 /* Embed Foundation Extensions */,
			);
			buildRules = (
			);
			dependencies = (
				A2380C4F2A3CD934008C5117 /* PBXTargetDependency */,
			);
			name = AfricaApp;
			productName = AfricaApp;
			productReference = A20B98502A37E94600612B82 /* AfricaApp.app */;
			productType = "com.apple.product-type.application";
		};
		A2380C482A3CD932008C5117 /* Stickets */ = {
			isa = PBXNativeTarget;
			buildConfigurationList = A2380C512A3CD934008C5117 /* Build configuration list for PBXNativeTarget "Stickets" */;
			buildPhases = (
				A2380C472A3CD932008C5117 /* Resources */,
			);
			buildRules = (
			);
			dependencies = (
			);
			name = Stickets;
			productName = Stickets;
			productReference = A2380C492A3CD932008C5117 /* Stickets.appex */;
			productType = "com.apple.product-type.app-extension.messages-sticker-pack";
		};
/* End PBXNativeTarget section */

/* Begin PBXProject section */
		A20B98482A37E94600612B82 /* Project object */ = {
			isa = PBXProject;
			attributes = {
				BuildIndependentTargetsInParallel = 1;
				LastSwiftUpdateCheck = 1420;
				LastUpgradeCheck = 1420;
				TargetAttributes = {
					A20B984F2A37E94600612B82 = {
						CreatedOnToolsVersion = 14.2;
					};
					A2380C482A3CD932008C5117 = {
						CreatedOnToolsVersion = 14.2;
					};
				};
			};
			buildConfigurationList = A20B984B2A37E94600612B82 /* Build configuration list for PBXProject "AfricaApp" */;
			compatibilityVersion = "Xcode 14.0";
			developmentRegion = en;
			hasScannedForEncodings = 0;
			knownRegions = (
				en,
				Base,
			);
			mainGroup = A20B98472A37E94600612B82;
			productRefGroup = A20B98512A37E94600612B82 /* Products */;
			projectDirPath = "";
			projectRoot = "";
			targets = (
				A20B984F2A37E94600612B82 /* AfricaApp */,
				A2380C482A3CD932008C5117 /* Stickets */,
			);
		};
/* End PBXProject section */

/* Begin PBXResourcesBuildPhase section */
		A20B984E2A37E94600612B82 /* Resources */ = {
			isa = PBXResourcesBuildPhase;
			buildActionMask = 2147483647;
			files = (
				A20B98912A37F0D300612B82 /* locations.json in Resources */,
				A20B986D2A37EAB000612B82 /* elephant.mp4 in Resources */,
				A20B98742A37EAB000612B82 /* lioness.mp4 in Resources */,
				A20B986F2A37EAB000612B82 /* lion.mp4 in Resources */,
				A20B98732A37EAB000612B82 /* gorilla.mp4 in Resources */,
				A20B98902A37F0D300612B82 /* videos.json in Resources */,
				A20B98752A37EAB000612B82 /* hippo.mp4 in Resources */,
				A20B986E2A37EAB000612B82 /* zebra.mp4 in Resources */,
				A20B98722A37EAB000612B82 /* ostrich.mp4 in Resources */,
				A20B98932A37F0D300612B82 /* animals.json in Resources */,
				A20B985B2A37E94800612B82 /* Preview Assets.xcassets in Resources */,
				A20B98922A37F0D300612B82 /* covers.json in Resources */,
				A20B98702A37EAB000612B82 /* rhino.mp4 in Resources */,
				A20B98582A37E94800612B82 /* Assets.xcassets in Resources */,
				A20B98712A37EAB000612B82 /* giraffe.mp4 in Resources */,
				A20B986C2A37EAB000612B82 /* cheetah.mp4 in Resources */,
			);
			runOnlyForDeploymentPostprocessing = 0;
		};
		A2380C472A3CD932008C5117 /* Resources */ = {
			isa = PBXResourcesBuildPhase;
			buildActionMask = 2147483647;
			files = (
				A2380C4C2A3CD934008C5117 /* Stickers.xcassets in Resources */,
			);
			runOnlyForDeploymentPostprocessing = 0;
		};
/* End PBXResourcesBuildPhase section */

/* Begin PBXSourcesBuildPhase section */
		A20B984C2A37E94600612B82 /* Sources */ = {
			isa = PBXSourcesBuildPhase;
			buildActionMask = 2147483647;
			files = (
				A20B98A32A37F4FE00612B82 /* ExternalWeblinkView.swift in Sources */,
				A20B98562A37E94600612B82 /* ContentView.swift in Sources */,
				A20B98952A37F16800612B82 /* AnimalListItemView.swift in Sources */,
				A20B98812A37EC8D00612B82 /* MainView.swift in Sources */,
				A20B989F2A37F4AC00612B82 /* InsetFactView.swift in Sources */,
				A20B98842A37EE0B00612B82 /* CoverImageView.swift in Sources */,
				A20B98872A37EEA600612B82 /* CoverImageModel.swift in Sources */,
				A20B98992A37F3E500612B82 /* AnimalDetailView.swift in Sources */,
				A20B98972A37F1A400612B82 /* AnimalModel.swift in Sources */,
				A20B987D2A37EC6A00612B82 /* MapView.swift in Sources */,
				A2380C402A3CCFA2008C5117 /* VideoPlayerHelper.swift in Sources */,
				A20B98A12A37F4D300612B82 /* InsetMapView.swift in Sources */,
				A20B98542A37E94600612B82 /* AfricaAppApp.swift in Sources */,
				A2380C442A3CD2D9008C5117 /* MapAnnotationView.swift in Sources */,
				A20B987B2A37EC5300612B82 /* VideoListView.swift in Sources */,
				A2380C392A3CCCDB008C5117 /* VideoModel.swift in Sources */,
				A20B987F2A37EC7E00612B82 /* GalleryView.swift in Sources */,
				A2380C422A3CD19A008C5117 /* LocationModel.swift in Sources */,
				A20B989D2A37F48600612B82 /* InsetGalleryView.swift in Sources */,
				A2380C3B2A3CCD0F008C5117 /* VideoListItem.swift in Sources */,
				A20B988A2A37EEFD00612B82 /* CodableBundleExtension.swift in Sources */,
				A2380C462A3CD438008C5117 /* MotionAnimationView.swift in Sources */,
				A20B989B2A37F43900612B82 /* HeadingView.swift in Sources */,
				A2380C3D2A3CCEF8008C5117 /* VideoPlayerView.swift in Sources */,
			);
			runOnlyForDeploymentPostprocessing = 0;
		};
/* End PBXSourcesBuildPhase section */

/* Begin PBXTargetDependency section */
		A2380C4F2A3CD934008C5117 /* PBXTargetDependency */ = {
			isa = PBXTargetDependency;
			target = A2380C482A3CD932008C5117 /* Stickets */;
			targetProxy = A2380C4E2A3CD934008C5117 /* PBXContainerItemProxy */;
		};
/* End PBXTargetDependency section */

/* Begin XCBuildConfiguration section */
		A20B985C2A37E94800612B82 /* Debug */ = {
			isa = XCBuildConfiguration;
			buildSettings = {
				ALWAYS_SEARCH_USER_PATHS = NO;
				CLANG_ANALYZER_NONNULL = YES;
				CLANG_ANALYZER_NUMBER_OBJECT_CONVERSION = YES_AGGRESSIVE;
				CLANG_CXX_LANGUAGE_STANDARD = "gnu++20";
				CLANG_ENABLE_MODULES = YES;
				CLANG_ENABLE_OBJC_ARC = YES;
				CLANG_ENABLE_OBJC_WEAK = YES;
				CLANG_WARN_BLOCK_CAPTURE_AUTORELEASING = YES;
				CLANG_WARN_BOOL_CONVERSION = YES;
				CLANG_WARN_COMMA = YES;
				CLANG_WARN_CONSTANT_CONVERSION = YES;
				CLANG_WARN_DEPRECATED_OBJC_IMPLEMENTATIONS = YES;
				CLANG_WARN_DIRECT_OBJC_ISA_USAGE = YES_ERROR;
				CLANG_WARN_DOCUMENTATION_COMMENTS = YES;
				CLANG_WARN_EMPTY_BODY = YES;
				CLANG_WARN_ENUM_CONVERSION = YES;
				CLANG_WARN_INFINITE_RECURSION = YES;
				CLANG_WARN_INT_CONVERSION = YES;
				CLANG_WARN_NON_LITERAL_NULL_CONVERSION = YES;
				CLANG_WARN_OBJC_IMPLICIT_RETAIN_SELF = YES;
				CLANG_WARN_OBJC_LITERAL_CONVERSION = YES;
				CLANG_WARN_OBJC_ROOT_CLASS = YES_ERROR;
				CLANG_WARN_QUOTED_INCLUDE_IN_FRAMEWORK_HEADER = YES;
				CLANG_WARN_RANGE_LOOP_ANALYSIS = YES;
				CLANG_WARN_STRICT_PROTOTYPES = YES;
				CLANG_WARN_SUSPICIOUS_MOVE = YES;
				CLANG_WARN_UNGUARDED_AVAILABILITY = YES_AGGRESSIVE;
				CLANG_WARN_UNREACHABLE_CODE = YES;
				CLANG_WARN__DUPLICATE_METHOD_MATCH = YES;
				COPY_PHASE_STRIP = NO;
				DEBUG_INFORMATION_FORMAT = dwarf;
				ENABLE_STRICT_OBJC_MSGSEND = YES;
				ENABLE_TESTABILITY = YES;
				GCC_C_LANGUAGE_STANDARD = gnu11;
				GCC_DYNAMIC_NO_PIC = NO;
				GCC_NO_COMMON_BLOCKS = YES;
				GCC_OPTIMIZATION_LEVEL = 0;
				GCC_PREPROCESSOR_DEFINITIONS = (
					"DEBUG=1",
					"$(inherited)",
				);
				GCC_WARN_64_TO_32_BIT_CONVERSION = YES;
				GCC_WARN_ABOUT_RETURN_TYPE = YES_ERROR;
				GCC_WARN_UNDECLARED_SELECTOR = YES;
				GCC_WARN_UNINITIALIZED_AUTOS = YES_AGGRESSIVE;
				GCC_WARN_UNUSED_FUNCTION = YES;
				GCC_WARN_UNUSED_VARIABLE = YES;
				IPHONEOS_DEPLOYMENT_TARGET = 16.2;
				MTL_ENABLE_DEBUG_INFO = INCLUDE_SOURCE;
				MTL_FAST_MATH = YES;
				ONLY_ACTIVE_ARCH = YES;
				SDKROOT = iphoneos;
				SWIFT_ACTIVE_COMPILATION_CONDITIONS = DEBUG;
				SWIFT_OPTIMIZATION_LEVEL = "-Onone";
			};
			name = Debug;
		};
		A20B985D2A37E94800612B82 /* Release */ = {
			isa = XCBuildConfiguration;
			buildSettings = {
				ALWAYS_SEARCH_USER_PATHS = NO;
				CLANG_ANALYZER_NONNULL = YES;
				CLANG_ANALYZER_NUMBER_OBJECT_CONVERSION = YES_AGGRESSIVE;
				CLANG_CXX_LANGUAGE_STANDARD = "gnu++20";
				CLANG_ENABLE_MODULES = YES;
				CLANG_ENABLE_OBJC_ARC = YES;
				CLANG_ENABLE_OBJC_WEAK = YES;
				CLANG_WARN_BLOCK_CAPTURE_AUTORELEASING = YES;
				CLANG_WARN_BOOL_CONVERSION = YES;
				CLANG_WARN_COMMA = YES;
				CLANG_WARN_CONSTANT_CONVERSION = YES;
				CLANG_WARN_DEPRECATED_OBJC_IMPLEMENTATIONS = YES;
				CLANG_WARN_DIRECT_OBJC_ISA_USAGE = YES_ERROR;
				CLANG_WARN_DOCUMENTATION_COMMENTS = YES;
				CLANG_WARN_EMPTY_BODY = YES;
				CLANG_WARN_ENUM_CONVERSION = YES;
				CLANG_WARN_INFINITE_RECURSION = YES;
				CLANG_WARN_INT_CONVERSION = YES;
				CLANG_WARN_NON_LITERAL_NULL_CONVERSION = YES;
				CLANG_WARN_OBJC_IMPLICIT_RETAIN_SELF = YES;
				CLANG_WARN_OBJC_LITERAL_CONVERSION = YES;
				CLANG_WARN_OBJC_ROOT_CLASS = YES_ERROR;
				CLANG_WARN_QUOTED_INCLUDE_IN_FRAMEWORK_HEADER = YES;
				CLANG_WARN_RANGE_LOOP_ANALYSIS = YES;
				CLANG_WARN_STRICT_PROTOTYPES = YES;
				CLANG_WARN_SUSPICIOUS_MOVE = YES;
				CLANG_WARN_UNGUARDED_AVAILABILITY = YES_AGGRESSIVE;
				CLANG_WARN_UNREACHABLE_CODE = YES;
				CLANG_WARN__DUPLICATE_METHOD_MATCH = YES;
				COPY_PHASE_STRIP = NO;
				DEBUG_INFORMATION_FORMAT = "dwarf-with-dsym";
				ENABLE_NS_ASSERTIONS = NO;
				ENABLE_STRICT_OBJC_MSGSEND = YES;
				GCC_C_LANGUAGE_STANDARD = gnu11;
				GCC_NO_COMMON_BLOCKS = YES;
				GCC_WARN_64_TO_32_BIT_CONVERSION = YES;
				GCC_WARN_ABOUT_RETURN_TYPE = YES_ERROR;
				GCC_WARN_UNDECLARED_SELECTOR = YES;
				GCC_WARN_UNINITIALIZED_AUTOS = YES_AGGRESSIVE;
				GCC_WARN_UNUSED_FUNCTION = YES;
				GCC_WARN_UNUSED_VARIABLE = YES;
				IPHONEOS_DEPLOYMENT_TARGET = 16.2;
				MTL_ENABLE_DEBUG_INFO = NO;
				MTL_FAST_MATH = YES;
				SDKROOT = iphoneos;
				SWIFT_COMPILATION_MODE = wholemodule;
				SWIFT_OPTIMIZATION_LEVEL = "-O";
				VALIDATE_PRODUCT = YES;
			};
			name = Release;
		};
		A20B985F2A37E94800612B82 /* Debug */ = {
			isa = XCBuildConfiguration;
			buildSettings = {
				ASSETCATALOG_COMPILER_APPICON_NAME = AppIcon;
				ASSETCATALOG_COMPILER_GLOBAL_ACCENT_COLOR_NAME = AccentColor;
				CODE_SIGN_STYLE = Automatic;
				CURRENT_PROJECT_VERSION = 1;
				DEVELOPMENT_ASSET_PATHS = "\"AfricaApp/Preview Content\"";
				DEVELOPMENT_TEAM = 8PVCTGCP4J;
				ENABLE_PREVIEWS = YES;
				GENERATE_INFOPLIST_FILE = YES;
				INFOPLIST_FILE = AfricaApp/Info.plist;
				INFOPLIST_KEY_UIApplicationSceneManifest_Generation = YES;
				INFOPLIST_KEY_UIApplicationSupportsIndirectInputEvents = YES;
				INFOPLIST_KEY_UISupportedInterfaceOrientations_iPad = "UIInterfaceOrientationPortrait UIInterfaceOrientationPortraitUpsideDown UIInterfaceOrientationLandscapeLeft UIInterfaceOrientationLandscapeRight";
				INFOPLIST_KEY_UISupportedInterfaceOrientations_iPhone = "UIInterfaceOrientationPortrait UIInterfaceOrientationLandscapeLeft UIInterfaceOrientationLandscapeRight";
				INFOPLIST_KEY_UIUserInterfaceStyle = Dark;
				LD_RUNPATH_SEARCH_PATHS = (
					"$(inherited)",
					"@executable_path/Frameworks",
				);
				MARKETING_VERSION = 1.0;
				PRODUCT_BUNDLE_IDENTIFIER = CesarV.AfricaApp;
				PRODUCT_NAME = "$(TARGET_NAME)";
				SWIFT_EMIT_LOC_STRINGS = YES;
				SWIFT_VERSION = 5.0;
				TARGETED_DEVICE_FAMILY = "1,2";
			};
			name = Debug;
		};
		A20B98602A37E94800612B82 /* Release */ = {
			isa = XCBuildConfiguration;
			buildSettings = {
				ASSETCATALOG_COMPILER_APPICON_NAME = AppIcon;
				ASSETCATALOG_COMPILER_GLOBAL_ACCENT_COLOR_NAME = AccentColor;
				CODE_SIGN_STYLE = Automatic;
				CURRENT_PROJECT_VERSION = 1;
				DEVELOPMENT_ASSET_PATHS = "\"AfricaApp/Preview Content\"";
				DEVELOPMENT_TEAM = 8PVCTGCP4J;
				ENABLE_PREVIEWS = YES;
				GENERATE_INFOPLIST_FILE = YES;
				INFOPLIST_FILE = AfricaApp/Info.plist;
				INFOPLIST_KEY_UIApplicationSceneManifest_Generation = YES;
				INFOPLIST_KEY_UIApplicationSupportsIndirectInputEvents = YES;
				INFOPLIST_KEY_UISupportedInterfaceOrientations_iPad = "UIInterfaceOrientationPortrait UIInterfaceOrientationPortraitUpsideDown UIInterfaceOrientationLandscapeLeft UIInterfaceOrientationLandscapeRight";
				INFOPLIST_KEY_UISupportedInterfaceOrientations_iPhone = "UIInterfaceOrientationPortrait UIInterfaceOrientationLandscapeLeft UIInterfaceOrientationLandscapeRight";
				INFOPLIST_KEY_UIUserInterfaceStyle = Dark;
				LD_RUNPATH_SEARCH_PATHS = (
					"$(inherited)",
					"@executable_path/Frameworks",
				);
				MARKETING_VERSION = 1.0;
				PRODUCT_BUNDLE_IDENTIFIER = CesarV.AfricaApp;
				PRODUCT_NAME = "$(TARGET_NAME)";
				SWIFT_EMIT_LOC_STRINGS = YES;
				SWIFT_VERSION = 5.0;
				TARGETED_DEVICE_FAMILY = "1,2";
			};
			name = Release;
		};
		A2380C522A3CD934008C5117 /* Debug */ = {
			isa = XCBuildConfiguration;
			buildSettings = {
				ASSETCATALOG_COMPILER_APPICON_NAME = "iMessage App Icon";
				CODE_SIGN_STYLE = Automatic;
				CURRENT_PROJECT_VERSION = 1;
				DEVELOPMENT_TEAM = 8PVCTGCP4J;
				GENERATE_INFOPLIST_FILE = YES;
				INFOPLIST_FILE = Stickets/Info.plist;
				INFOPLIST_KEY_CFBundleDisplayName = Africa;
				MARKETING_VERSION = 1.0;
				PRODUCT_BUNDLE_IDENTIFIER = CesarV.AfricaApp.Stickets;
				PRODUCT_NAME = "$(TARGET_NAME)";
				SKIP_INSTALL = YES;
				SWIFT_EMIT_LOC_STRINGS = YES;
				TARGETED_DEVICE_FAMILY = "1,2";
			};
			name = Debug;
		};
		A2380C532A3CD934008C5117 /* Release */ = {
			isa = XCBuildConfiguration;
			buildSettings = {
				ASSETCATALOG_COMPILER_APPICON_NAME = "iMessage App Icon";
				CODE_SIGN_STYLE = Automatic;
				CURRENT_PROJECT_VERSION = 1;
				DEVELOPMENT_TEAM = 8PVCTGCP4J;
				GENERATE_INFOPLIST_FILE = YES;
				INFOPLIST_FILE = Stickets/Info.plist;
				INFOPLIST_KEY_CFBundleDisplayName = Africa;
				MARKETING_VERSION = 1.0;
				PRODUCT_BUNDLE_IDENTIFIER = CesarV.AfricaApp.Stickets;
				PRODUCT_NAME = "$(TARGET_NAME)";
				SKIP_INSTALL = YES;
				SWIFT_EMIT_LOC_STRINGS = YES;
				TARGETED_DEVICE_FAMILY = "1,2";
			};
			name = Release;
		};
/* End XCBuildConfiguration section */

/* Begin XCConfigurationList section */
		A20B984B2A37E94600612B82 /* Build configuration list for PBXProject "AfricaApp" */ = {
			isa = XCConfigurationList;
			buildConfigurations = (
				A20B985C2A37E94800612B82 /* Debug */,
				A20B985D2A37E94800612B82 /* Release */,
			);
			defaultConfigurationIsVisible = 0;
			defaultConfigurationName = Release;
		};
		A20B985E2A37E94800612B82 /* Build configuration list for PBXNativeTarget "AfricaApp" */ = {
			isa = XCConfigurationList;
			buildConfigurations = (
				A20B985F2A37E94800612B82 /* Debug */,
				A20B98602A37E94800612B82 /* Release */,
			);
			defaultConfigurationIsVisible = 0;
			defaultConfigurationName = Release;
		};
		A2380C512A3CD934008C5117 /* Build configuration list for PBXNativeTarget "Stickets" */ = {
			isa = XCConfigurationList;
			buildConfigurations = (
				A2380C522A3CD934008C5117 /* Debug */,
				A2380C532A3CD934008C5117 /* Release */,
			);
			defaultConfigurationIsVisible = 0;
			defaultConfigurationName = Release;
		};
/* End XCConfigurationList section */
	};
	rootObject = A20B98482A37E94600612B82 /* Project object */;
}
